
Microsoft Visual Studio Solution File, Format Version 12.00
# Visual Studio Version 16
VisualStudioVersion = 16.0.29306.81
MinimumVisualStudioVersion = 10.0.40219.1
Project("{FAE04EC0-301F-11D3-BF4B-00C04F79EFBC}") = "Tilemap-Creator", "Tilemap-Creator\Tilemap-Creator.csproj", "{622257EC-4BB1-4957-8B77-B5EF9F13C02E}"
EndProject
Project("{FAE04EC0-301F-11D3-BF4B-00C04F79EFBC}") = "TilemapCreator", "TilemapCreator\TilemapCreator.csproj", "{96F86034-8093-4386-86AF-3E7B7E96F305}"
EndProject
Global
	GlobalSection(SolutionConfigurationPlatforms) = preSolution
		Debug|Any CPU = Debug|Any CPU
		Release|Any CPU = Release|Any CPU
	EndGlobalSection
	GlobalSection(ProjectConfigurationPlatforms) = postSolution
		{622257EC-4BB1-4957-8B77-B5EF9F13C02E}.Debug|Any CPU.ActiveCfg = Debug|Any CPU
		{622257EC-4BB1-4957-8B77-B5EF9F13C02E}.Debug|Any CPU.Build.0 = Debug|Any CPU
		{622257EC-4BB1-4957-8B77-B5EF9F13C02E}.Release|Any CPU.ActiveCfg = Release|Any CPU
		{622257EC-4BB1-4957-8B77-B5EF9F13C02E}.Release|Any CPU.Build.0 = Release|Any CPU
		{96F86034-8093-4386-86AF-3E7B7E96F305}.Debug|Any CPU.ActiveCfg = Debug|Any CPU
		{96F86034-8093-4386-86AF-3E7B7E96F305}.Debug|Any CPU.Build.0 = Debug|Any CPU
		{96F86034-8093-4386-86AF-3E7B7E96F305}.Release|Any CPU.ActiveCfg = Release|Any CPU
		{96F86034-8093-4386-86AF-3E7B7E96F305}.Release|Any CPU.Build.0 = Release|Any CPU
	EndGlobalSection
	GlobalSection(SolutionProperties) = preSolution
		HideSolutionNode = FALSE
	EndGlobalSection
	GlobalSection(ExtensibilityGlobals) = postSolution
		SolutionGuid = {C5EDF148-E9B0-4CE1-A5D8-87F61D635EDE}
	EndGlobalSection
EndGlobal
